
Microsoft Visual Studio Solution File, Format Version 11.00
# Visual Studio 2010
Project("{FAE04EC0-301F-11D3-BF4B-00C04F79EFBC}") = "DoTween", "Assembly-CSharp.csproj", "{3B609BAF-7E9D-EC4E-DD16-EA780BCDCA3E}"
EndProject
Project("{FAE04EC0-301F-11D3-BF4B-00C04F79EFBC}") = "DoTween", "Assembly-CSharp-Editor.csproj", "{9756E8A7-932F-2696-45DE-C07361C8B686}"
EndProject
Global
	GlobalSection(SolutionConfigurationPlatforms) = preSolution
		Debug|Any CPU = Debug|Any CPU
		Release|Any CPU = Release|Any CPU
	EndGlobalSection
	GlobalSection(ProjectConfigurationPlatforms) = postSolution
		{3B609BAF-7E9D-EC4E-DD16-EA780BCDCA3E}.Debug|Any CPU.ActiveCfg = Debug|Any CPU
		{3B609BAF-7E9D-EC4E-DD16-EA780BCDCA3E}.Debug|Any CPU.Build.0 = Debug|Any CPU
		{3B609BAF-7E9D-EC4E-DD16-EA780BCDCA3E}.Release|Any CPU.ActiveCfg = Release|Any CPU
		{3B609BAF-7E9D-EC4E-DD16-EA780BCDCA3E}.Release|Any CPU.Build.0 = Release|Any CPU
		{9756E8A7-932F-2696-45DE-C07361C8B686}.Debug|Any CPU.ActiveCfg = Debug|Any CPU
		{9756E8A7-932F-2696-45DE-C07361C8B686}.Debug|Any CPU.Build.0 = Debug|Any CPU
		{9756E8A7-932F-2696-45DE-C07361C8B686}.Release|Any CPU.ActiveCfg = Release|Any CPU
		{9756E8A7-932F-2696-45DE-C07361C8B686}.Release|Any CPU.Build.0 = Release|Any CPU
	EndGlobalSection
	GlobalSection(SolutionProperties) = preSolution
		HideSolutionNode = FALSE
	EndGlobalSection
	GlobalSection(MonoDevelopProperties) = preSolution
		StartupItem = Assembly-CSharp.csproj
	EndGlobalSection
EndGlobal
